# THIS IS AN AUTOGENERATED FILE. DO NOT EDIT THIS FILE DIRECTLY.
# yarn lockfile v1


basic-auth@^1.0.0:
  version "1.1.0"
  resolved "https://registry.yarnpkg.com/basic-auth/-/basic-auth-1.1.0.tgz#45221ee429f7ee1e5035be3f51533f1cdfd29884"

contentful-webhook-server@^1.2.0:
  version "1.2.0"
  resolved "https://registry.yarnpkg.com/contentful-webhook-server/-/contentful-webhook-server-1.2.0.tgz#1d6bbbdfce564440a7a421ad65584ff46c41385d"
  dependencies:
    basic-auth "^1.0.0"
